
Microsoft Visual Studio Solution File, Format Version 12.00
# Visual Studio Version 16
VisualStudioVersion = 16.0.34031.81
MinimumVisualStudioVersion = 10.0.40219.1
Project("{FAE04EC0-301F-11D3-BF4B-00C04F79EFBC}") = "Tyuiu.ZhirenbaevaII.Sprint2.Task0.V28", "Tyuiu.ZhirenbaevaII.Sprint2.Task0.V28\Tyuiu.ZhirenbaevaII.Sprint2.Task0.V28.csproj", "{EEA545C4-46B9-4C9D-A6F5-6AD7DC8C5263}"
EndProject
Project("{FAE04EC0-301F-11D3-BF4B-00C04F79EFBC}") = "Tyuiu.ZhirenbaevaII.Sprint2.Task0.V28.Lib", "Tyuiu.ZhirenbaevaII.Sprint2.Task0.V28.Lib\Tyuiu.ZhirenbaevaII.Sprint2.Task0.V28.Lib.csproj", "{B4D3BB7D-E5D0-4A58-96FD-0D391CD8B172}"
EndProject
Project("{FAE04EC0-301F-11D3-BF4B-00C04F79EFBC}") = "Tyuiu.ZhirenbaevaII.Sprint2.Task0.V28.Test", "Tyuiu.ZhirenbaevaII.Sprint2.Task0.V28.Test\Tyuiu.ZhirenbaevaII.Sprint2.Task0.V28.Test.csproj", "{18214EAA-A4D8-4AE8-AA0E-CBE742B707FC}"
EndProject
Project("{2150E333-8FDC-42A3-9474-1A3956D46DE8}") = "Task0", "Task0", "{795AE836-79E4-4D58-A020-6691B8A28FE8}"
EndProject
Project("{2150E333-8FDC-42A3-9474-1A3956D46DE8}") = "Task1", "Task1", "{70C4BF7C-365E-4D1F-8951-4706F28BCFA0}"
EndProject
Project("{FAE04EC0-301F-11D3-BF4B-00C04F79EFBC}") = "Tyuiu.ZhirenbaevaII.Sprint2.Task1.V20", "Tyuiu.ZhirenbaevaII.Sprint2.Task1.V20\Tyuiu.ZhirenbaevaII.Sprint2.Task1.V20.csproj", "{60D1D6A9-2D0F-43ED-BDAB-138B83179989}"
EndProject
Project("{FAE04EC0-301F-11D3-BF4B-00C04F79EFBC}") = "Tyuiu.ZhirenbaevaII.Sprint2.Task1.V20.Lib", "Tyuiu.ZhirenbaevaII.Sprint2.Task1.V20.Lib\Tyuiu.ZhirenbaevaII.Sprint2.Task1.V20.Lib.csproj", "{B62260B8-5FF2-4455-857A-B49900A2656A}"
EndProject
Project("{FAE04EC0-301F-11D3-BF4B-00C04F79EFBC}") = "Tyuiu.ZhirenbaevaII.Sprint2.Task1.V20.Test", "Tyuiu.ZhirenbaevaII.Sprint2.Task1.V20.Test\Tyuiu.ZhirenbaevaII.Sprint2.Task1.V20.Test.csproj", "{D8F19075-C23F-465E-948A-10E0AE88E05D}"
EndProject
Project("{2150E333-8FDC-42A3-9474-1A3956D46DE8}") = "Task3", "Task3", "{A01DD8CC-D54A-4076-894C-65A17EFDECA6}"
EndProject
Project("{FAE04EC0-301F-11D3-BF4B-00C04F79EFBC}") = "Tyuiu.ZhirenbaevaII.Sprint2.Task3.V9", "Tyuiu.ZhirenbaevaII.Sprint2.Task3.V9\Tyuiu.ZhirenbaevaII.Sprint2.Task3.V9.csproj", "{B35DDC8F-2425-498E-8CBA-E1256A3634C1}"
EndProject
Project("{FAE04EC0-301F-11D3-BF4B-00C04F79EFBC}") = "Tyuiu.ZhirenbaevaII.Sprint2.Task3.V9.Lib", "Tyuiu.ZhirenbaevaII.Sprint2.Task3.V9.Lib\Tyuiu.ZhirenbaevaII.Sprint2.Task3.V9.Lib.csproj", "{AEA3E102-37D5-4298-8BFA-D4652A839EF0}"
EndProject
Project("{FAE04EC0-301F-11D3-BF4B-00C04F79EFBC}") = "Tyuiu.ZhirenbaevaII.Sprint2.Task3.V9.Test", "Tyuiu.ZhirenbaevaII.Sprint2.Task3.V9.Test\Tyuiu.ZhirenbaevaII.Sprint2.Task3.V9.Test.csproj", "{B54ED4A9-CCAA-4142-96B7-18935C396747}"
EndProject
Project("{2150E333-8FDC-42A3-9474-1A3956D46DE8}") = "Task4", "Task4", "{C2C009A1-8B0B-46BD-B794-218A79B65CBA}"
EndProject
Project("{FAE04EC0-301F-11D3-BF4B-00C04F79EFBC}") = "Tyuiu.ZhirenbaevaII.Sprint2.Task4.V2", "Tyuiu.ZhirenbaevaII.Sprint2.Task4.V2\Tyuiu.ZhirenbaevaII.Sprint2.Task4.V2.csproj", "{3928E617-2F6D-4E54-B48C-771C9CD04DD4}"
EndProject
Project("{FAE04EC0-301F-11D3-BF4B-00C04F79EFBC}") = "Tyuiu.ZhirenbaevaII.Sprint2.Task4.V2.Lib", "Tyuiu.ZhirenbaevaII.Sprint2.Task4.V2.Lib\Tyuiu.ZhirenbaevaII.Sprint2.Task4.V2.Lib.csproj", "{2CD26E98-36A7-4D16-83DE-E040E6BC0E65}"
EndProject
Project("{FAE04EC0-301F-11D3-BF4B-00C04F79EFBC}") = "Tyuiu.ZhirenbaevaII.Sprint2.Task4.V2.Test", "Tyuiu.ZhirenbaevaII.Sprint2.Task4.V2.Test\Tyuiu.ZhirenbaevaII.Sprint2.Task4.V2.Test.csproj", "{89AE05CA-DB4A-492E-A798-65FF30890BAF}"
EndProject
Project("{2150E333-8FDC-42A3-9474-1A3956D46DE8}") = "Task2", "Task2", "{00038724-FE82-42D9-8613-666AF28097D6}"
EndProject
Project("{FAE04EC0-301F-11D3-BF4B-00C04F79EFBC}") = "Tyuiu.ZhirenbaevaII.Sprint2.Task2.V28", "Tyuiu.ZhirenbaevaII.Sprint2.Task2.V28\Tyuiu.ZhirenbaevaII.Sprint2.Task2.V28.csproj", "{AD28E006-7EAB-46CD-B387-BFAE19C572FF}"
EndProject
Project("{FAE04EC0-301F-11D3-BF4B-00C04F79EFBC}") = "Tyuiu.ZhirenbaevaII.Sprint2.Task2.V28.Lib", "Tyuiu.ZhirenbaevaII.Sprint2.Task2.V28.Lib\Tyuiu.ZhirenbaevaII.Sprint2.Task2.V28.Lib.csproj", "{5A9A69E1-B482-4CD3-9F1F-548E1906AB43}"
EndProject
Project("{FAE04EC0-301F-11D3-BF4B-00C04F79EFBC}") = "Tyuiu.ZhirenbaevaII.Sprint2.Task2.V28.Test", "Tyuiu.ZhirenbaevaII.Sprint2.Task2.V28.Test\Tyuiu.ZhirenbaevaII.Sprint2.Task2.V28.Test.csproj", "{A1774301-7F3C-4169-BD08-E35190E73EBF}"
EndProject
Project("{2150E333-8FDC-42A3-9474-1A3956D46DE8}") = "Task5", "Task5", "{60CD300C-9957-4137-82AD-96DD750757AC}"
EndProject
Project("{FAE04EC0-301F-11D3-BF4B-00C04F79EFBC}") = "Tyuiu.ZhirenbaevaII.Sprint2.Task5.V12", "Tyuiu.ZhirenbaevaII.Sprint2.Task5.V12\Tyuiu.ZhirenbaevaII.Sprint2.Task5.V12.csproj", "{F65E64D3-C13E-473B-B096-C111ED0FB28F}"
EndProject
Project("{FAE04EC0-301F-11D3-BF4B-00C04F79EFBC}") = "Tyuiu.ZhirenbaevaII.Sprint2.Task5.V12.Lib", "Tyuiu.ZhirenbaevaII.Sprint2.Task5.V12.Lib\Tyuiu.ZhirenbaevaII.Sprint2.Task5.V12.Lib.csproj", "{381DED13-47C0-495B-AE22-B68034A6B4F9}"
EndProject
Project("{FAE04EC0-301F-11D3-BF4B-00C04F79EFBC}") = "Tyuiu.ZhirenbaevaII.Sprint2.Task5.V12.Test", "Tyuiu.ZhirenbaevaII.Sprint2.Task5.V12.Test\Tyuiu.ZhirenbaevaII.Sprint2.Task5.V12.Test.csproj", "{AD2691DF-DFE6-4432-8933-3377F2E622FD}"
EndProject
Global
	GlobalSection(SolutionConfigurationPlatforms) = preSolution
		Debug|Any CPU = Debug|Any CPU
		Release|Any CPU = Release|Any CPU
	EndGlobalSection
	GlobalSection(ProjectConfigurationPlatforms) = postSolution
		{EEA545C4-46B9-4C9D-A6F5-6AD7DC8C5263}.Debug|Any CPU.ActiveCfg = Debug|Any CPU
		{EEA545C4-46B9-4C9D-A6F5-6AD7DC8C5263}.Debug|Any CPU.Build.0 = Debug|Any CPU
		{EEA545C4-46B9-4C9D-A6F5-6AD7DC8C5263}.Release|Any CPU.ActiveCfg = Release|Any CPU
		{EEA545C4-46B9-4C9D-A6F5-6AD7DC8C5263}.Release|Any CPU.Build.0 = Release|Any CPU
		{B4D3BB7D-E5D0-4A58-96FD-0D391CD8B172}.Debug|Any CPU.ActiveCfg = Debug|Any CPU
		{B4D3BB7D-E5D0-4A58-96FD-0D391CD8B172}.Debug|Any CPU.Build.0 = Debug|Any CPU
		{B4D3BB7D-E5D0-4A58-96FD-0D391CD8B172}.Release|Any CPU.ActiveCfg = Release|Any CPU
		{B4D3BB7D-E5D0-4A58-96FD-0D391CD8B172}.Release|Any CPU.Build.0 = Release|Any CPU
		{18214EAA-A4D8-4AE8-AA0E-CBE742B707FC}.Debug|Any CPU.ActiveCfg = Debug|Any CPU
		{18214EAA-A4D8-4AE8-AA0E-CBE742B707FC}.Debug|Any CPU.Build.0 = Debug|Any CPU
		{18214EAA-A4D8-4AE8-AA0E-CBE742B707FC}.Release|Any CPU.ActiveCfg = Release|Any CPU
		{18214EAA-A4D8-4AE8-AA0E-CBE742B707FC}.Release|Any CPU.Build.0 = Release|Any CPU
		{60D1D6A9-2D0F-43ED-BDAB-138B83179989}.Debug|Any CPU.ActiveCfg = Debug|Any CPU
		{60D1D6A9-2D0F-43ED-BDAB-138B83179989}.Debug|Any CPU.Build.0 = Debug|Any CPU
		{60D1D6A9-2D0F-43ED-BDAB-138B83179989}.Release|Any CPU.ActiveCfg = Release|Any CPU
		{60D1D6A9-2D0F-43ED-BDAB-138B83179989}.Release|Any CPU.Build.0 = Release|Any CPU
		{B62260B8-5FF2-4455-857A-B49900A2656A}.Debug|Any CPU.ActiveCfg = Debug|Any CPU
		{B62260B8-5FF2-4455-857A-B49900A2656A}.Debug|Any CPU.Build.0 = Debug|Any CPU
		{B62260B8-5FF2-4455-857A-B49900A2656A}.Release|Any CPU.ActiveCfg = Release|Any CPU
		{B62260B8-5FF2-4455-857A-B49900A2656A}.Release|Any CPU.Build.0 = Release|Any CPU
		{D8F19075-C23F-465E-948A-10E0AE88E05D}.Debug|Any CPU.ActiveCfg = Debug|Any CPU
		{D8F19075-C23F-465E-948A-10E0AE88E05D}.Debug|Any CPU.Build.0 = Debug|Any CPU
		{D8F19075-C23F-465E-948A-10E0AE88E05D}.Release|Any CPU.ActiveCfg = Release|Any CPU
		{D8F19075-C23F-465E-948A-10E0AE88E05D}.Release|Any CPU.Build.0 = Release|Any CPU
		{B35DDC8F-2425-498E-8CBA-E1256A3634C1}.Debug|Any CPU.ActiveCfg = Debug|Any CPU
		{B35DDC8F-2425-498E-8CBA-E1256A3634C1}.Debug|Any CPU.Build.0 = Debug|Any CPU
		{B35DDC8F-2425-498E-8CBA-E1256A3634C1}.Release|Any CPU.ActiveCfg = Release|Any CPU
		{B35DDC8F-2425-498E-8CBA-E1256A3634C1}.Release|Any CPU.Build.0 = Release|Any CPU
		{AEA3E102-37D5-4298-8BFA-D4652A839EF0}.Debug|Any CPU.ActiveCfg = Debug|Any CPU
		{AEA3E102-37D5-4298-8BFA-D4652A839EF0}.Debug|Any CPU.Build.0 = Debug|Any CPU
		{AEA3E102-37D5-4298-8BFA-D4652A839EF0}.Release|Any CPU.ActiveCfg = Release|Any CPU
		{AEA3E102-37D5-4298-8BFA-D4652A839EF0}.Release|Any CPU.Build.0 = Release|Any CPU
		{B54ED4A9-CCAA-4142-96B7-18935C396747}.Debug|Any CPU.ActiveCfg = Debug|Any CPU
		{B54ED4A9-CCAA-4142-96B7-18935C396747}.Debug|Any CPU.Build.0 = Debug|Any CPU
		{B54ED4A9-CCAA-4142-96B7-18935C396747}.Release|Any CPU.ActiveCfg = Release|Any CPU
		{B54ED4A9-CCAA-4142-96B7-18935C396747}.Release|Any CPU.Build.0 = Release|Any CPU
		{3928E617-2F6D-4E54-B48C-771C9CD04DD4}.Debug|Any CPU.ActiveCfg = Debug|Any CPU
		{3928E617-2F6D-4E54-B48C-771C9CD04DD4}.Debug|Any CPU.Build.0 = Debug|Any CPU
		{3928E617-2F6D-4E54-B48C-771C9CD04DD4}.Release|Any CPU.ActiveCfg = Release|Any CPU
		{3928E617-2F6D-4E54-B48C-771C9CD04DD4}.Release|Any CPU.Build.0 = Release|Any CPU
		{2CD26E98-36A7-4D16-83DE-E040E6BC0E65}.Debug|Any CPU.ActiveCfg = Debug|Any CPU
		{2CD26E98-36A7-4D16-83DE-E040E6BC0E65}.Debug|Any CPU.Build.0 = Debug|Any CPU
		{2CD26E98-36A7-4D16-83DE-E040E6BC0E65}.Release|Any CPU.ActiveCfg = Release|Any CPU
		{2CD26E98-36A7-4D16-83DE-E040E6BC0E65}.Release|Any CPU.Build.0 = Release|Any CPU
		{89AE05CA-DB4A-492E-A798-65FF30890BAF}.Debug|Any CPU.ActiveCfg = Debug|Any CPU
		{89AE05CA-DB4A-492E-A798-65FF30890BAF}.Debug|Any CPU.Build.0 = Debug|Any CPU
		{89AE05CA-DB4A-492E-A798-65FF30890BAF}.Release|Any CPU.ActiveCfg = Release|Any CPU
		{89AE05CA-DB4A-492E-A798-65FF30890BAF}.Release|Any CPU.Build.0 = Release|Any CPU
		{AD28E006-7EAB-46CD-B387-BFAE19C572FF}.Debug|Any CPU.ActiveCfg = Debug|Any CPU
		{AD28E006-7EAB-46CD-B387-BFAE19C572FF}.Debug|Any CPU.Build.0 = Debug|Any CPU
		{AD28E006-7EAB-46CD-B387-BFAE19C572FF}.Release|Any CPU.ActiveCfg = Release|Any CPU
		{AD28E006-7EAB-46CD-B387-BFAE19C572FF}.Release|Any CPU.Build.0 = Release|Any CPU
		{5A9A69E1-B482-4CD3-9F1F-548E1906AB43}.Debug|Any CPU.ActiveCfg = Debug|Any CPU
		{5A9A69E1-B482-4CD3-9F1F-548E1906AB43}.Debug|Any CPU.Build.0 = Debug|Any CPU
		{5A9A69E1-B482-4CD3-9F1F-548E1906AB43}.Release|Any CPU.ActiveCfg = Release|Any CPU
		{5A9A69E1-B482-4CD3-9F1F-548E1906AB43}.Release|Any CPU.Build.0 = Release|Any CPU
		{A1774301-7F3C-4169-BD08-E35190E73EBF}.Debug|Any CPU.ActiveCfg = Debug|Any CPU
		{A1774301-7F3C-4169-BD08-E35190E73EBF}.Debug|Any CPU.Build.0 = Debug|Any CPU
		{A1774301-7F3C-4169-BD08-E35190E73EBF}.Release|Any CPU.ActiveCfg = Release|Any CPU
		{A1774301-7F3C-4169-BD08-E35190E73EBF}.Release|Any CPU.Build.0 = Release|Any CPU
		{F65E64D3-C13E-473B-B096-C111ED0FB28F}.Debug|Any CPU.ActiveCfg = Debug|Any CPU
		{F65E64D3-C13E-473B-B096-C111ED0FB28F}.Debug|Any CPU.Build.0 = Debug|Any CPU
		{F65E64D3-C13E-473B-B096-C111ED0FB28F}.Release|Any CPU.ActiveCfg = Release|Any CPU
		{F65E64D3-C13E-473B-B096-C111ED0FB28F}.Release|Any CPU.Build.0 = Release|Any CPU
		{381DED13-47C0-495B-AE22-B68034A6B4F9}.Debug|Any CPU.ActiveCfg = Debug|Any CPU
		{381DED13-47C0-495B-AE22-B68034A6B4F9}.Debug|Any CPU.Build.0 = Debug|Any CPU
		{381DED13-47C0-495B-AE22-B68034A6B4F9}.Release|Any CPU.ActiveCfg = Release|Any CPU
		{381DED13-47C0-495B-AE22-B68034A6B4F9}.Release|Any CPU.Build.0 = Release|Any CPU
		{AD2691DF-DFE6-4432-8933-3377F2E622FD}.Debug|Any CPU.ActiveCfg = Debug|Any CPU
		{AD2691DF-DFE6-4432-8933-3377F2E622FD}.Debug|Any CPU.Build.0 = Debug|Any CPU
		{AD2691DF-DFE6-4432-8933-3377F2E622FD}.Release|Any CPU.ActiveCfg = Release|Any CPU
		{AD2691DF-DFE6-4432-8933-3377F2E622FD}.Release|Any CPU.Build.0 = Release|Any CPU
	EndGlobalSection
	GlobalSection(SolutionProperties) = preSolution
		HideSolutionNode = FALSE
	EndGlobalSection
	GlobalSection(NestedProjects) = preSolution
		{EEA545C4-46B9-4C9D-A6F5-6AD7DC8C5263} = {795AE836-79E4-4D58-A020-6691B8A28FE8}
		{B4D3BB7D-E5D0-4A58-96FD-0D391CD8B172} = {795AE836-79E4-4D58-A020-6691B8A28FE8}
		{18214EAA-A4D8-4AE8-AA0E-CBE742B707FC} = {795AE836-79E4-4D58-A020-6691B8A28FE8}
		{60D1D6A9-2D0F-43ED-BDAB-138B83179989} = {70C4BF7C-365E-4D1F-8951-4706F28BCFA0}
		{B62260B8-5FF2-4455-857A-B49900A2656A} = {70C4BF7C-365E-4D1F-8951-4706F28BCFA0}
		{D8F19075-C23F-465E-948A-10E0AE88E05D} = {70C4BF7C-365E-4D1F-8951-4706F28BCFA0}
		{B35DDC8F-2425-498E-8CBA-E1256A3634C1} = {A01DD8CC-D54A-4076-894C-65A17EFDECA6}
		{AEA3E102-37D5-4298-8BFA-D4652A839EF0} = {A01DD8CC-D54A-4076-894C-65A17EFDECA6}
		{B54ED4A9-CCAA-4142-96B7-18935C396747} = {A01DD8CC-D54A-4076-894C-65A17EFDECA6}
		{3928E617-2F6D-4E54-B48C-771C9CD04DD4} = {C2C009A1-8B0B-46BD-B794-218A79B65CBA}
		{2CD26E98-36A7-4D16-83DE-E040E6BC0E65} = {C2C009A1-8B0B-46BD-B794-218A79B65CBA}
		{89AE05CA-DB4A-492E-A798-65FF30890BAF} = {C2C009A1-8B0B-46BD-B794-218A79B65CBA}
		{AD28E006-7EAB-46CD-B387-BFAE19C572FF} = {00038724-FE82-42D9-8613-666AF28097D6}
		{5A9A69E1-B482-4CD3-9F1F-548E1906AB43} = {00038724-FE82-42D9-8613-666AF28097D6}
		{A1774301-7F3C-4169-BD08-E35190E73EBF} = {00038724-FE82-42D9-8613-666AF28097D6}
		{F65E64D3-C13E-473B-B096-C111ED0FB28F} = {60CD300C-9957-4137-82AD-96DD750757AC}
		{381DED13-47C0-495B-AE22-B68034A6B4F9} = {60CD300C-9957-4137-82AD-96DD750757AC}
		{AD2691DF-DFE6-4432-8933-3377F2E622FD} = {60CD300C-9957-4137-82AD-96DD750757AC}
	EndGlobalSection
	GlobalSection(ExtensibilityGlobals) = postSolution
		SolutionGuid = {BD85C538-4F9D-4E80-BA45-D248C7ABB09E}
	EndGlobalSection
EndGlobal
